
Microsoft Visual Studio Solution File, Format Version 12.00
# Visual Studio Version 16
VisualStudioVersion = 16.0.29306.81
MinimumVisualStudioVersion = 10.0.40219.1
Project("{FAE04EC0-301F-11D3-BF4B-00C04F79EFBC}") = "LazyReader", "WindowsFormsApp1\LazyReader.csproj", "{F62854FD-4EF0-4FB9-A32F-A3B08CA79969}"
EndProject
Global
	GlobalSection(SolutionConfigurationPlatforms) = preSolution
		Debug|Any CPU = Debug|Any CPU
		Release|Any CPU = Release|Any CPU
	EndGlobalSection
	GlobalSection(ProjectConfigurationPlatforms) = postSolution
		{F62854FD-4EF0-4FB9-A32F-A3B08CA79969}.Debug|Any CPU.ActiveCfg = Debug|Any CPU
		{F62854FD-4EF0-4FB9-A32F-A3B08CA79969}.Debug|Any CPU.Build.0 = Debug|Any CPU
		{F62854FD-4EF0-4FB9-A32F-A3B08CA79969}.Release|Any CPU.ActiveCfg = Release|Any CPU
		{F62854FD-4EF0-4FB9-A32F-A3B08CA79969}.Release|Any CPU.Build.0 = Release|Any CPU
	EndGlobalSection
	GlobalSection(SolutionProperties) = preSolution
		HideSolutionNode = FALSE
	EndGlobalSection
	GlobalSection(ExtensibilityGlobals) = postSolution
		SolutionGuid = {62715E9A-BC03-4770-9461-115B301A65FC}
	EndGlobalSection
EndGlobal
